<?xml version="1.0" encoding="utf-8"?>
<Project ToolsVersion="4.0" xmlns="http://schemas.microsoft.com/developer/msbuild/2003">
  <ItemGroup>
    <Filter Include="Source Files">
      <UniqueIdentifier>{4FC737F1-C7A5-4376-A066-2A32D752A2FF}</UniqueIdentifier>
      <Extensions>cpp;c;cc;cxx;def;odl;idl;hpj;bat;asm;asmx</Extensions>
    </Filter>
    <Filter Include="Header Files">
      <UniqueIdentifier>{93995380-89BD-4b04-88EB-625FBE52EBFB}</UniqueIdentifier>
      <Extensions>h;hh;hpp;hxx;hm;inl;inc;xsd</Extensions>
    </Filter>
    <Filter Include="Resource Files">
      <UniqueIdentifier>{67DA6AB6-F800-4c08-8B7A-83BB121AAD01}</UniqueIdentifier>
      <Extensions>rc;ico;cur;bmp;dlg;rc2;rct;bin;rgs;gif;jpg;jpeg;jpe;resx;tiff;tif;png;wav</Extensions>
    </Filter>
  </ItemGroup>
  <ItemGroup>
    <ClCompile Include="day - 1\daily project - 1\code.cpp">
      <Filter>Source Files</Filter>
    </ClCompile>
    <ClCompile Include="day - 1\lecture - 2\introduction\comments.cpp">
      <Filter>Source Files</Filter>
    </ClCompile>
    <ClCompile Include="day - 1\lecture - 2\introduction\first.cpp">
      <Filter>Source Files</Filter>
    </ClCompile>
    <ClCompile Include="day - 1\lecture - 2\type - convertion_casting\type_casting.cpp">
      <Filter>Source Files</Filter>
    </ClCompile>
    <ClCompile Include="day - 1\lecture - 2\user input &amp; operators\arthmetric.cpp">
      <Filter>Source Files</Filter>
    </ClCompile>
    <ClCompile Include="day - 1\lecture - 2\user input &amp; operators\logical_operators.cpp">
      <Filter>Source Files</Filter>
    </ClCompile>
    <ClCompile Include="day - 1\lecture - 2\user input &amp; operators\relational_operators.cpp">
      <Filter>Source Files</Filter>
    </ClCompile>
    <ClCompile Include="day - 1\lecture - 2\user input &amp; operators\user_input.cpp">
      <Filter>Source Files</Filter>
    </ClCompile>
    <ClCompile Include="day - 1\lecture - 2\variables &amp; data types\data_types.cpp">
      <Filter>Source Files</Filter>
    </ClCompile>
    <ClCompile Include="day - 1\lecture - 2\variables &amp; data types\tempCodeRunnerFile.cpp">
      <Filter>Source Files</Filter>
    </ClCompile>
    <ClCompile Include="day - 1\lecture - 2\variables &amp; data types\variables.cpp">
      <Filter>Source Files</Filter>
    </ClCompile>
    <ClCompile Include="day - 2\control flow\if_else_elif.cpp">
      <Filter>Source Files</Filter>
    </ClCompile>
    <ClCompile Include="day - 2\control flow\teranry_statemtnt.cpp">
      <Filter>Source Files</Filter>
    </ClCompile>
    <ClCompile Include="day - 2\control flow\practice q&amp;a\q1.cpp">
      <Filter>Source Files</Filter>
    </ClCompile>
    <ClCompile Include="day - 2\loops\do-while.cpp">
      <Filter>Source Files</Filter>
    </ClCompile>
    <ClCompile Include="day - 2\loops\for-loop.cpp">
      <Filter>Source Files</Filter>
    </ClCompile>
    <ClCompile Include="day - 2\loops\while_loop.cpp">
      <Filter>Source Files</Filter>
    </ClCompile>
    <ClCompile Include="day - 2\loops\qs\1.cpp">
      <Filter>Source Files</Filter>
    </ClCompile>
    <ClCompile Include="day - 2\loops\qs\2.cpp">
      <Filter>Source Files</Filter>
    </ClCompile>
    <ClCompile Include="day - 3\qs - cf\main.cpp">
      <Filter>Source Files</Filter>
    </ClCompile>
  </ItemGroup>
</Project>